
Microsoft Visual Studio Solution File, Format Version 12.00
# Visual Studio Version 17
VisualStudioVersion = 17.9.34714.143
MinimumVisualStudioVersion = 10.0.40219.1
Project("{FAE04EC0-301F-11D3-BF4B-00C04F79EFBC}") = "ClientApp", "ClientApp\ClientApp.csproj", "{1D23E217-C671-4F48-8B17-58AEF2BD34C6}"
EndProject
Project("{FAE04EC0-301F-11D3-BF4B-00C04F79EFBC}") = "HelloService", "HelloService\HelloService.csproj", "{3ABE97E3-7F1D-45FC-8E3B-5B1596E70DEF}"
EndProject
Project("{FAE04EC0-301F-11D3-BF4B-00C04F79EFBC}") = "HostPipeService", "HostPipeService\HostPipeService.csproj", "{E11C2370-7DE3-47AC-BD3B-C6FDAD998FBD}"
EndProject
Project("{FAE04EC0-301F-11D3-BF4B-00C04F79EFBC}") = "HostService", "HostService\HostService.csproj", "{B93864B4-00AC-45C3-9FEF-5197F8C8C084}"
EndProject
Global
	GlobalSection(SolutionConfigurationPlatforms) = preSolution
		Debug|Any CPU = Debug|Any CPU
		Release|Any CPU = Release|Any CPU
	EndGlobalSection
	GlobalSection(ProjectConfigurationPlatforms) = postSolution
		{1D23E217-C671-4F48-8B17-58AEF2BD34C6}.Debug|Any CPU.ActiveCfg = Debug|Any CPU
		{1D23E217-C671-4F48-8B17-58AEF2BD34C6}.Debug|Any CPU.Build.0 = Debug|Any CPU
		{1D23E217-C671-4F48-8B17-58AEF2BD34C6}.Release|Any CPU.ActiveCfg = Release|Any CPU
		{1D23E217-C671-4F48-8B17-58AEF2BD34C6}.Release|Any CPU.Build.0 = Release|Any CPU
		{3ABE97E3-7F1D-45FC-8E3B-5B1596E70DEF}.Debug|Any CPU.ActiveCfg = Debug|Any CPU
		{3ABE97E3-7F1D-45FC-8E3B-5B1596E70DEF}.Debug|Any CPU.Build.0 = Debug|Any CPU
		{3ABE97E3-7F1D-45FC-8E3B-5B1596E70DEF}.Release|Any CPU.ActiveCfg = Release|Any CPU
		{3ABE97E3-7F1D-45FC-8E3B-5B1596E70DEF}.Release|Any CPU.Build.0 = Release|Any CPU
		{E11C2370-7DE3-47AC-BD3B-C6FDAD998FBD}.Debug|Any CPU.ActiveCfg = Debug|Any CPU
		{E11C2370-7DE3-47AC-BD3B-C6FDAD998FBD}.Debug|Any CPU.Build.0 = Debug|Any CPU
		{E11C2370-7DE3-47AC-BD3B-C6FDAD998FBD}.Release|Any CPU.ActiveCfg = Release|Any CPU
		{E11C2370-7DE3-47AC-BD3B-C6FDAD998FBD}.Release|Any CPU.Build.0 = Release|Any CPU
		{B93864B4-00AC-45C3-9FEF-5197F8C8C084}.Debug|Any CPU.ActiveCfg = Debug|Any CPU
		{B93864B4-00AC-45C3-9FEF-5197F8C8C084}.Debug|Any CPU.Build.0 = Debug|Any CPU
		{B93864B4-00AC-45C3-9FEF-5197F8C8C084}.Release|Any CPU.ActiveCfg = Release|Any CPU
		{B93864B4-00AC-45C3-9FEF-5197F8C8C084}.Release|Any CPU.Build.0 = Release|Any CPU
	EndGlobalSection
	GlobalSection(SolutionProperties) = preSolution
		HideSolutionNode = FALSE
	EndGlobalSection
	GlobalSection(ExtensibilityGlobals) = postSolution
		SolutionGuid = {88483355-73BE-4356-B446-44B514C34B22}
	EndGlobalSection
EndGlobal
