
Microsoft Visual Studio Solution File, Format Version 12.00
# Visual Studio Version 17
VisualStudioVersion = 17.9.34714.143
MinimumVisualStudioVersion = 10.0.40219.1
Project("{FAE04EC0-301F-11D3-BF4B-00C04F79EFBC}") = "ClientApp", "ClientApp\ClientApp.csproj", "{1D23E217-C671-4F48-8B17-58AEF2BD34C6}"
EndProject
Project("{FAE04EC0-301F-11D3-BF4B-00C04F79EFBC}") = "HelloService", "HelloService\HelloService.csproj", "{3ABE97E3-7F1D-45FC-8E3B-5B1596E70DEF}"
EndProject
Project("{FAE04EC0-301F-11D3-BF4B-00C04F79EFBC}") = "HostPipeService", "HostPipeService\HostPipeService.csproj", "{E11C2370-7DE3-47AC-BD3B-C6FDAD998FBD}"
EndProject
Project("{FAE04EC0-301F-11D3-BF4B-00C04F79EFBC}") = "HostService", "HostService\HostService.csproj", "{B93864B4-00AC-45C3-9FEF-5197F8C8C084}"
EndProject
Project("{54435603-DBB4-11D2-8724-00A0C9A8B90C}") = "SetupExample", "SetupExample\SetupExample.vdproj", "{F7DBA4E4-4C9A-4D31-A152-9FA5DA452D98}"
EndProject
Project("{FAE04EC0-301F-11D3-BF4B-00C04F79EFBC}") = "HelloClientService", "HelloClientService\HelloClientService.csproj", "{08DD7971-4B05-482D-BDE3-F92627F97070}"
EndProject
Project("{FAE04EC0-301F-11D3-BF4B-00C04F79EFBC}") = "ConsoleClientApp", "ConsoleClientApp\ConsoleClientApp.csproj", "{A7CFB77C-3751-4659-8444-7067DFC9BF69}"
EndProject
Project("{FAE04EC0-301F-11D3-BF4B-00C04F79EFBC}") = "HelperClasses", "HelperClasses\HelperClasses.csproj", "{6C921C57-EE24-493C-86E4-5AD2E77A8E6A}"
EndProject
Project("{FAE04EC0-301F-11D3-BF4B-00C04F79EFBC}") = "ClientDataAccess", "ClientDataAccess\ClientDataAccess.csproj", "{34D6B328-B0E1-4585-A914-2C106509A18E}"
EndProject
Project("{FAE04EC0-301F-11D3-BF4B-00C04F79EFBC}") = "DataModelClasses", "DataModelClasses\DataModelClasses.csproj", "{50C6C14C-E6DF-4307-8AED-C864F06873E5}"
EndProject
Global
	GlobalSection(SolutionConfigurationPlatforms) = preSolution
		Debug|Any CPU = Debug|Any CPU
		Release|Any CPU = Release|Any CPU
	EndGlobalSection
	GlobalSection(ProjectConfigurationPlatforms) = postSolution
		{1D23E217-C671-4F48-8B17-58AEF2BD34C6}.Debug|Any CPU.ActiveCfg = Debug|Any CPU
		{1D23E217-C671-4F48-8B17-58AEF2BD34C6}.Debug|Any CPU.Build.0 = Debug|Any CPU
		{1D23E217-C671-4F48-8B17-58AEF2BD34C6}.Release|Any CPU.ActiveCfg = Release|Any CPU
		{1D23E217-C671-4F48-8B17-58AEF2BD34C6}.Release|Any CPU.Build.0 = Release|Any CPU
		{3ABE97E3-7F1D-45FC-8E3B-5B1596E70DEF}.Debug|Any CPU.ActiveCfg = Debug|Any CPU
		{3ABE97E3-7F1D-45FC-8E3B-5B1596E70DEF}.Debug|Any CPU.Build.0 = Debug|Any CPU
		{3ABE97E3-7F1D-45FC-8E3B-5B1596E70DEF}.Release|Any CPU.ActiveCfg = Release|Any CPU
		{3ABE97E3-7F1D-45FC-8E3B-5B1596E70DEF}.Release|Any CPU.Build.0 = Release|Any CPU
		{E11C2370-7DE3-47AC-BD3B-C6FDAD998FBD}.Debug|Any CPU.ActiveCfg = Debug|Any CPU
		{E11C2370-7DE3-47AC-BD3B-C6FDAD998FBD}.Debug|Any CPU.Build.0 = Debug|Any CPU
		{E11C2370-7DE3-47AC-BD3B-C6FDAD998FBD}.Release|Any CPU.ActiveCfg = Release|Any CPU
		{E11C2370-7DE3-47AC-BD3B-C6FDAD998FBD}.Release|Any CPU.Build.0 = Release|Any CPU
		{B93864B4-00AC-45C3-9FEF-5197F8C8C084}.Debug|Any CPU.ActiveCfg = Debug|Any CPU
		{B93864B4-00AC-45C3-9FEF-5197F8C8C084}.Debug|Any CPU.Build.0 = Debug|Any CPU
		{B93864B4-00AC-45C3-9FEF-5197F8C8C084}.Release|Any CPU.ActiveCfg = Release|Any CPU
		{B93864B4-00AC-45C3-9FEF-5197F8C8C084}.Release|Any CPU.Build.0 = Release|Any CPU
		{F7DBA4E4-4C9A-4D31-A152-9FA5DA452D98}.Debug|Any CPU.ActiveCfg = Debug
		{F7DBA4E4-4C9A-4D31-A152-9FA5DA452D98}.Release|Any CPU.ActiveCfg = Release
		{08DD7971-4B05-482D-BDE3-F92627F97070}.Debug|Any CPU.ActiveCfg = Debug|Any CPU
		{08DD7971-4B05-482D-BDE3-F92627F97070}.Debug|Any CPU.Build.0 = Debug|Any CPU
		{08DD7971-4B05-482D-BDE3-F92627F97070}.Release|Any CPU.ActiveCfg = Release|Any CPU
		{08DD7971-4B05-482D-BDE3-F92627F97070}.Release|Any CPU.Build.0 = Release|Any CPU
		{A7CFB77C-3751-4659-8444-7067DFC9BF69}.Debug|Any CPU.ActiveCfg = Debug|Any CPU
		{A7CFB77C-3751-4659-8444-7067DFC9BF69}.Debug|Any CPU.Build.0 = Debug|Any CPU
		{A7CFB77C-3751-4659-8444-7067DFC9BF69}.Release|Any CPU.ActiveCfg = Release|Any CPU
		{A7CFB77C-3751-4659-8444-7067DFC9BF69}.Release|Any CPU.Build.0 = Release|Any CPU
		{6C921C57-EE24-493C-86E4-5AD2E77A8E6A}.Debug|Any CPU.ActiveCfg = Debug|Any CPU
		{6C921C57-EE24-493C-86E4-5AD2E77A8E6A}.Debug|Any CPU.Build.0 = Debug|Any CPU
		{6C921C57-EE24-493C-86E4-5AD2E77A8E6A}.Release|Any CPU.ActiveCfg = Release|Any CPU
		{6C921C57-EE24-493C-86E4-5AD2E77A8E6A}.Release|Any CPU.Build.0 = Release|Any CPU
		{34D6B328-B0E1-4585-A914-2C106509A18E}.Debug|Any CPU.ActiveCfg = Debug|Any CPU
		{34D6B328-B0E1-4585-A914-2C106509A18E}.Debug|Any CPU.Build.0 = Debug|Any CPU
		{34D6B328-B0E1-4585-A914-2C106509A18E}.Release|Any CPU.ActiveCfg = Release|Any CPU
		{34D6B328-B0E1-4585-A914-2C106509A18E}.Release|Any CPU.Build.0 = Release|Any CPU
		{50C6C14C-E6DF-4307-8AED-C864F06873E5}.Debug|Any CPU.ActiveCfg = Debug|Any CPU
		{50C6C14C-E6DF-4307-8AED-C864F06873E5}.Debug|Any CPU.Build.0 = Debug|Any CPU
		{50C6C14C-E6DF-4307-8AED-C864F06873E5}.Release|Any CPU.ActiveCfg = Release|Any CPU
		{50C6C14C-E6DF-4307-8AED-C864F06873E5}.Release|Any CPU.Build.0 = Release|Any CPU
	EndGlobalSection
	GlobalSection(SolutionProperties) = preSolution
		HideSolutionNode = FALSE
	EndGlobalSection
	GlobalSection(ExtensibilityGlobals) = postSolution
		SolutionGuid = {88483355-73BE-4356-B446-44B514C34B22}
	EndGlobalSection
EndGlobal
